
Microsoft Visual Studio Solution File, Format Version 12.00
# Visual Studio Version 16
VisualStudioVersion = 16.0.30204.135
MinimumVisualStudioVersion = 10.0.40219.1
Project("{FAE04EC0-301F-11D3-BF4B-00C04F79EFBC}") = "Top2000", "Top2000\Top2000.csproj", "{8B31615E-F1A2-4988-826A-561B7E136FD4}"
EndProject
Project("{FAE04EC0-301F-11D3-BF4B-00C04F79EFBC}") = "Top2000.Tests", "Top2000.Tests\Top2000.Tests.csproj", "{8AFD87A9-CDB8-4483-8848-37904B032153}"
EndProject
Global
	GlobalSection(SolutionConfigurationPlatforms) = preSolution
		Debug|Any CPU = Debug|Any CPU
		Release|Any CPU = Release|Any CPU
	EndGlobalSection
	GlobalSection(ProjectConfigurationPlatforms) = postSolution
		{8B31615E-F1A2-4988-826A-561B7E136FD4}.Debug|Any CPU.ActiveCfg = Debug|Any CPU
		{8B31615E-F1A2-4988-826A-561B7E136FD4}.Debug|Any CPU.Build.0 = Debug|Any CPU
		{8B31615E-F1A2-4988-826A-561B7E136FD4}.Release|Any CPU.ActiveCfg = Release|Any CPU
		{8B31615E-F1A2-4988-826A-561B7E136FD4}.Release|Any CPU.Build.0 = Release|Any CPU
		{8AFD87A9-CDB8-4483-8848-37904B032153}.Debug|Any CPU.ActiveCfg = Debug|Any CPU
		{8AFD87A9-CDB8-4483-8848-37904B032153}.Debug|Any CPU.Build.0 = Debug|Any CPU
		{8AFD87A9-CDB8-4483-8848-37904B032153}.Release|Any CPU.ActiveCfg = Release|Any CPU
		{8AFD87A9-CDB8-4483-8848-37904B032153}.Release|Any CPU.Build.0 = Release|Any CPU
	EndGlobalSection
	GlobalSection(SolutionProperties) = preSolution
		HideSolutionNode = FALSE
	EndGlobalSection
	GlobalSection(ExtensibilityGlobals) = postSolution
		SolutionGuid = {99F6DDCE-2487-47CF-8BF0-9D37DA8E5854}
	EndGlobalSection
EndGlobal
